
Microsoft Visual Studio Solution File, Format Version 12.00
# Visual Studio 2012
Project("{8BC9CEB8-8B4A-11D0-8D11-00A0C91BC942}") = "msvc_project", "msvc_project\msvc_project.vcxproj", "{00E1A96B-49C3-4A0E-B514-A95ABF26C5C6}"
EndProject
Project("{8BC9CEB8-8B4A-11D0-8D11-00A0C91BC942}") = "gmock", "..\gmock-1.6.0\msvc\2010\gmock.vcxproj", "{34681F0D-CE45-415D-B5F2-5C662DFE3BD5}"
EndProject
Global
	GlobalSection(SolutionConfigurationPlatforms) = preSolution
		Debug|Win32 = Debug|Win32
		Release|Win32 = Release|Win32
	EndGlobalSection
	GlobalSection(ProjectConfigurationPlatforms) = postSolution
		{00E1A96B-49C3-4A0E-B514-A95ABF26C5C6}.Debug|Win32.ActiveCfg = Debug|Win32
		{00E1A96B-49C3-4A0E-B514-A95ABF26C5C6}.Debug|Win32.Build.0 = Debug|Win32
		{00E1A96B-49C3-4A0E-B514-A95ABF26C5C6}.Release|Win32.ActiveCfg = Release|Win32
		{00E1A96B-49C3-4A0E-B514-A95ABF26C5C6}.Release|Win32.Build.0 = Release|Win32
		{34681F0D-CE45-415D-B5F2-5C662DFE3BD5}.Debug|Win32.ActiveCfg = Debug|Win32
		{34681F0D-CE45-415D-B5F2-5C662DFE3BD5}.Debug|Win32.Build.0 = Debug|Win32
		{34681F0D-CE45-415D-B5F2-5C662DFE3BD5}.Release|Win32.ActiveCfg = Release|Win32
		{34681F0D-CE45-415D-B5F2-5C662DFE3BD5}.Release|Win32.Build.0 = Release|Win32
	EndGlobalSection
	GlobalSection(SolutionProperties) = preSolution
		HideSolutionNode = FALSE
	EndGlobalSection
EndGlobal
